// !$*UTF8*$!
{
	archiveVersion = 1;
	classes = {
	};
	objectVersion = 46;
	objects = {

/* Begin PBXBuildFile section */
		30D564791F74F4D900D76DCE /* AppDelegate.swift in Sources */ = {isa = PBXBuildFile; fileRef = 30D564781F74F4D900D76DCE /* AppDelegate.swift */; };
		30D5647E1F74F4D900D76DCE /* Main.storyboard in Resources */ = {isa = PBXBuildFile; fileRef = 30D5647C1F74F4D900D76DCE /* Main.storyboard */; };
		30D564801F74F4D900D76DCE /* Assets.xcassets in Resources */ = {isa = PBXBuildFile; fileRef = 30D5647F1F74F4D900D76DCE /* Assets.xcassets */; };
		30D564831F74F4D900D76DCE /* LaunchScreen.storyboard in Resources */ = {isa = PBXBuildFile; fileRef = 30D564811F74F4D900D76DCE /* LaunchScreen.storyboard */; };
		30D5648B1F74F54700D76DCE /* FoodTableViewController.swift in Sources */ = {isa = PBXBuildFile; fileRef = 30D5648A1F74F54700D76DCE /* FoodTableViewController.swift */; };
		30D5648D1F74F58200D76DCE /* Meal.swift in Sources */ = {isa = PBXBuildFile; fileRef = 30D5648C1F74F58200D76DCE /* Meal.swift */; };
		30D5648F1F74F58800D76DCE /* Food.swift in Sources */ = {isa = PBXBuildFile; fileRef = 30D5648E1F74F58800D76DCE /* Food.swift */; };
/* End PBXBuildFile section */

/* Begin PBXFileReference section */
		30D564751F74F4D900D76DCE /* MealTracker.app */ = {isa = PBXFileReference; explicitFileType = wrapper.application; includeInIndex = 0; path = MealTracker.app; sourceTree = BUILT_PRODUCTS_DIR; };
		30D564781F74F4D900D76DCE /* AppDelegate.swift */ = {isa = PBXFileReference; lastKnownFileType = sourcecode.swift; path = AppDelegate.swift; sourceTree = "<group>"; };
		30D5647D1F74F4D900D76DCE /* Base */ = {isa = PBXFileReference; lastKnownFileType = file.storyboard; name = Base; path = Base.lproj/Main.storyboard; sourceTree = "<group>"; };
		30D5647F1F74F4D900D76DCE /* Assets.xcassets */ = {isa = PBXFileReference; lastKnownFileType = folder.assetcatalog; path = Assets.xcassets; sourceTree = "<group>"; };
		30D564821F74F4D900D76DCE /* Base */ = {isa = PBXFileReference; lastKnownFileType = file.storyboard; name = Base; path = Base.lproj/LaunchScreen.storyboard; sourceTree = "<group>"; };
		30D564841F74F4D900D76DCE /* Info.plist */ = {isa = PBXFileReference; lastKnownFileType = text.plist.xml; path = Info.plist; sourceTree = "<group>"; };
		30D5648A1F74F54700D76DCE /* FoodTableViewController.swift */ = {isa = PBXFileReference; fileEncoding = 4; lastKnownFileType = sourcecode.swift; path = FoodTableViewController.swift; sourceTree = "<group>"; };
		30D5648C1F74F58200D76DCE /* Meal.swift */ = {isa = PBXFileReference; fileEncoding = 4; lastKnownFileType = sourcecode.swift; path = Meal.swift; sourceTree = "<group>"; };
		30D5648E1F74F58800D76DCE /* Food.swift */ = {isa = PBXFileReference; fileEncoding = 4; lastKnownFileType = sourcecode.swift; path = Food.swift; sourceTree = "<group>"; };
/* End PBXFileReference section */

/* Begin PBXFrameworksBuildPhase section */
		30D564721F74F4D900D76DCE /* Frameworks */ = {
			isa = PBXFrameworksBuildPhase;
			buildActionMask = 2147483647;
			files = (
			);
			runOnlyForDeploymentPostprocessing = 0;
		};
/* End PBXFrameworksBuildPhase section */

/* Begin PBXGroup section */
		30D5646C1F74F4D900D76DCE = {
			isa = PBXGroup;
			children = (
				30D564771F74F4D900D76DCE /* MealTracker */,
				30D564761F74F4D900D76DCE /* Products */,
			);
			sourceTree = "<group>";
		};
		30D564761F74F4D900D76DCE /* Products */ = {
			isa = PBXGroup;
			children = (
				30D564751F74F4D900D76DCE /* MealTracker.app */,
			);
			name = Products;
			sourceTree = "<group>";
		};
		30D564771F74F4D900D76DCE /* MealTracker */ = {
			isa = PBXGroup;
			children = (
				30D564781F74F4D900D76DCE /* AppDelegate.swift */,
				30D5647C1F74F4D900D76DCE /* Main.storyboard */,
				30D5648C1F74F58200D76DCE /* Meal.swift */,
				30D5648E1F74F58800D76DCE /* Food.swift */,
				30D5648A1F74F54700D76DCE /* FoodTableViewController.swift */,
				30D5647F1F74F4D900D76DCE /* Assets.xcassets */,
				30D564811F74F4D900D76DCE /* LaunchScreen.storyboard */,
				30D564841F74F4D900D76DCE /* Info.plist */,
			);
			path = MealTracker;
			sourceTree = "<group>";
		};
/* End PBXGroup section */

/* Begin PBXNativeTarget section */
		30D564741F74F4D900D76DCE /* MealTracker */ = {
			isa = PBXNativeTarget;
			buildConfigurationList = 30D564871F74F4D900D76DCE /* Build configuration list for PBXNativeTarget "MealTracker" */;
			buildPhases = (
				30D564711F74F4D900D76DCE /* Sources */,
				30D564721F74F4D900D76DCE /* Frameworks */,
				30D564731F74F4D900D76DCE /* Resources */,
			);
			buildRules = (
			);
			dependencies = (
			);
			name = MealTracker;
			productName = MealTracker;
			productReference = 30D564751F74F4D900D76DCE /* MealTracker.app */;
			productType = "com.apple.product-type.application";
		};
/* End PBXNativeTarget section */

/* Begin PBXProject section */
		30D5646D1F74F4D900D76DCE /* Project object */ = {
			isa = PBXProject;
			attributes = {
				LastSwiftUpdateCheck = 0820;
				LastUpgradeCheck = 0820;
				ORGANIZATIONNAME = "Roman Martinez";
				TargetAttributes = {
					30D564741F74F4D900D76DCE = {
						CreatedOnToolsVersion = 8.2.1;
						ProvisioningStyle = Automatic;
					};
				};
			};
			buildConfigurationList = 30D564701F74F4D900D76DCE /* Build configuration list for PBXProject "MealTracker" */;
			compatibilityVersion = "Xcode 3.2";
			developmentRegion = English;
			hasScannedForEncodings = 0;
			knownRegions = (
				en,
				Base,
			);
			mainGroup = 30D5646C1F74F4D900D76DCE;
			productRefGroup = 30D564761F74F4D900D76DCE /* Products */;
			projectDirPath = "";
			projectRoot = "";
			targets = (
				30D564741F74F4D900D76DCE /* MealTracker */,
			);
		};
/* End PBXProject section */

/* Begin PBXResourcesBuildPhase section */
		30D564731F74F4D900D76DCE /* Resources */ = {
			isa = PBXResourcesBuildPhase;
			buildActionMask = 2147483647;
			files = (
				30D564831F74F4D900D76DCE /* LaunchScreen.storyboard in Resources */,
				30D564801F74F4D900D76DCE /* Assets.xcassets in Resources */,
				30D5647E1F74F4D900D76DCE /* Main.storyboard in Resources */,
			);
			runOnlyForDeploymentPostprocessing = 0;
		};
/* End PBXResourcesBuildPhase section */

/* Begin PBXSourcesBuildPhase section */
		30D564711F74F4D900D76DCE /* Sources */ = {
			isa = PBXSourcesBuildPhase;
			buildActionMask = 2147483647;
			files = (
				30D564791F74F4D900D76DCE /* AppDelegate.swift in Sources */,
				30D5648F1F74F58800D76DCE /* Food.swift in Sources */,
				30D5648D1F74F58200D76DCE /* Meal.swift in Sources */,
				30D5648B1F74F54700D76DCE /* FoodTableViewController.swift in Sources */,
			);
			runOnlyForDeploymentPostprocessing = 0;
		};
/* End PBXSourcesBuildPhase section */

/* Begin PBXVariantGroup section */
		30D5647C1F74F4D900D76DCE /* Main.storyboard */ = {
			isa = PBXVariantGroup;
			children = (
				30D5647D1F74F4D900D76DCE /* Base */,
			);
			name = Main.storyboard;
			sourceTree = "<group>";
		};
		30D564811F74F4D900D76DCE /* LaunchScreen.storyboard */ = {
			isa = PBXVariantGroup;
			children = (
				30D564821F74F4D900D76DCE /* Base */,
			);
			name = LaunchScreen.storyboard;
			sourceTree = "<group>";
		};
/* End PBXVariantGroup section */

/* Begin XCBuildConfiguration section */
		30D564851F74F4D900D76DCE /* Debug */ = {
			isa = XCBuildConfiguration;
			buildSettings = {
				ALWAYS_SEARCH_USER_PATHS = NO;
				CLANG_ANALYZER_NONNULL = YES;
				CLANG_CXX_LANGUAGE_STANDARD = "gnu++0x";
				CLANG_CXX_LIBRARY = "libc++";
				CLANG_ENABLE_MODULES = YES;
				CLANG_ENABLE_OBJC_ARC = YES;
				CLANG_WARN_BOOL_CONVERSION = YES;
				CLANG_WARN_CONSTANT_CONVERSION = YES;
				CLANG_WARN_DIRECT_OBJC_ISA_USAGE = YES_ERROR;
				CLANG_WARN_DOCUMENTATION_COMMENTS = YES;
				CLANG_WARN_EMPTY_BODY = YES;
				CLANG_WARN_ENUM_CONVERSION = YES;
				CLANG_WARN_INFINITE_RECURSION = YES;
				CLANG_WARN_INT_CONVERSION = YES;
				CLANG_WARN_OBJC_ROOT_CLASS = YES_ERROR;
				CLANG_WARN_SUSPICIOUS_MOVE = YES;
				CLANG_WARN_UNREACHABLE_CODE = YES;
				CLANG_WARN__DUPLICATE_METHOD_MATCH = YES;
				"CODE_SIGN_IDENTITY[sdk=iphoneos*]" = "iPhone Developer";
				COPY_PHASE_STRIP = NO;
				DEBUG_INFORMATION_FORMAT = dwarf;
				ENABLE_STRICT_OBJC_MSGSEND = YES;
				ENABLE_TESTABILITY = YES;
				GCC_C_LANGUAGE_STANDARD = gnu99;
				GCC_DYNAMIC_NO_PIC = NO;
				GCC_NO_COMMON_BLOCKS = YES;
				GCC_OPTIMIZATION_LEVEL = 0;
				GCC_PREPROCESSOR_DEFINITIONS = (
					"DEBUG=1",
					"$(inherited)",
				);
				GCC_WARN_64_TO_32_BIT_CONVERSION = YES;
				GCC_WARN_ABOUT_RETURN_TYPE = YES_ERROR;
				GCC_WARN_UNDECLARED_SELECTOR = YES;
				GCC_WARN_UNINITIALIZED_AUTOS = YES_AGGRESSIVE;
				GCC_WARN_UNUSED_FUNCTION = YES;
				GCC_WARN_UNUSED_VARIABLE = YES;
				IPHONEOS_DEPLOYMENT_TARGET = 10.2;
				MTL_ENABLE_DEBUG_INFO = YES;
				ONLY_ACTIVE_ARCH = YES;
				SDKROOT = iphoneos;
				SWIFT_ACTIVE_COMPILATION_CONDITIONS = DEBUG;
				SWIFT_OPTIMIZATION_LEVEL = "-Onone";
				TARGETED_DEVICE_FAMILY = "1,2";
			};
			name = Debug;
		};
		30D564861F74F4D900D76DCE /* Release */ = {
			isa = XCBuildConfiguration;
			buildSettings = {
				ALWAYS_SEARCH_USER_PATHS = NO;
				CLANG_ANALYZER_NONNULL = YES;
				CLANG_CXX_LANGUAGE_STANDARD = "gnu++0x";
				CLANG_CXX_LIBRARY = "libc++";
				CLANG_ENABLE_MODULES = YES;
				CLANG_ENABLE_OBJC_ARC = YES;
				CLANG_WARN_BOOL_CONVERSION = YES;
				CLANG_WARN_CONSTANT_CONVERSION = YES;
				CLANG_WARN_DIRECT_OBJC_ISA_USAGE = YES_ERROR;
				CLANG_WARN_DOCUMENTATION_COMMENTS = YES;
				CLANG_WARN_EMPTY_BODY = YES;
				CLANG_WARN_ENUM_CONVERSION = YES;
				CLANG_WARN_INFINITE_RECURSION = YES;
				CLANG_WARN_INT_CONVERSION = YES;
				CLANG_WARN_OBJC_ROOT_CLASS = YES_ERROR;
				CLANG_WARN_SUSPICIOUS_MOVE = YES;
				CLANG_WARN_UNREACHABLE_CODE = YES;
				CLANG_WARN__DUPLICATE_METHOD_MATCH = YES;
				"CODE_SIGN_IDENTITY[sdk=iphoneos*]" = "iPhone Developer";
				COPY_PHASE_STRIP = NO;
				DEBUG_INFORMATION_FORMAT = "dwarf-with-dsym";
				ENABLE_NS_ASSERTIONS = NO;
				ENABLE_STRICT_OBJC_MSGSEND = YES;
				GCC_C_LANGUAGE_STANDARD = gnu99;
				GCC_NO_COMMON_BLOCKS = YES;
				GCC_WARN_64_TO_32_BIT_CONVERSION = YES;
				GCC_WARN_ABOUT_RETURN_TYPE = YES_ERROR;
				GCC_WARN_UNDECLARED_SELECTOR = YES;
				GCC_WARN_UNINITIALIZED_AUTOS = YES_AGGRESSIVE;
				GCC_WARN_UNUSED_FUNCTION = YES;
				GCC_WARN_UNUSED_VARIABLE = YES;
				IPHONEOS_DEPLOYMENT_TARGET = 10.2;
				MTL_ENABLE_DEBUG_INFO = NO;
				SDKROOT = iphoneos;
				SWIFT_OPTIMIZATION_LEVEL = "-Owholemodule";
				TARGETED_DEVICE_FAMILY = "1,2";
				VALIDATE_PRODUCT = YES;
			};
			name = Release;
		};
		30D564881F74F4D900D76DCE /* Debug */ = {
			isa = XCBuildConfiguration;
			buildSettings = {
				ASSETCATALOG_COMPILER_APPICON_NAME = AppIcon;
				INFOPLIST_FILE = MealTracker/Info.plist;
				LD_RUNPATH_SEARCH_PATHS = "$(inherited) @executable_path/Frameworks";
				PRODUCT_BUNDLE_IDENTIFIER = com.example.MealTracker;
				PRODUCT_NAME = "$(TARGET_NAME)";
				SWIFT_VERSION = 3.0;
			};
			name = Debug;
		};
		30D564891F74F4D900D76DCE /* Release */ = {
			isa = XCBuildConfiguration;
			buildSettings = {
				ASSETCATALOG_COMPILER_APPICON_NAME = AppIcon;
				INFOPLIST_FILE = MealTracker/Info.plist;
				LD_RUNPATH_SEARCH_PATHS = "$(inherited) @executable_path/Frameworks";
				PRODUCT_BUNDLE_IDENTIFIER = com.example.MealTracker;
				PRODUCT_NAME = "$(TARGET_NAME)";
				SWIFT_VERSION = 3.0;
			};
			name = Release;
		};
/* End XCBuildConfiguration section */

/* Begin XCConfigurationList section */
		30D564701F74F4D900D76DCE /* Build configuration list for PBXProject "MealTracker" */ = {
			isa = XCConfigurationList;
			buildConfigurations = (
				30D564851F74F4D900D76DCE /* Debug */,
				30D564861F74F4D900D76DCE /* Release */,
			);
			defaultConfigurationIsVisible = 0;
			defaultConfigurationName = Release;
		};
		30D564871F74F4D900D76DCE /* Build configuration list for PBXNativeTarget "MealTracker" */ = {
			isa = XCConfigurationList;
			buildConfigurations = (
				30D564881F74F4D900D76DCE /* Debug */,
				30D564891F74F4D900D76DCE /* Release */,
			);
			defaultConfigurationIsVisible = 0;
		};
/* End XCConfigurationList section */
	};
	rootObject = 30D5646D1F74F4D900D76DCE /* Project object */;
}
