// !$*UTF8*$!
{
	archiveVersion = 1;
	classes = {
	};
	objectVersion = 48;
	objects = {

/* Begin PBXBuildFile section */
		305B8B9222288A3700FA0BBE /* MenuController.swift in Sources */ = {isa = PBXBuildFile; fileRef = 305B8B9122288A3700FA0BBE /* MenuController.swift */; };
		30EB7D641F7CD7950003113E /* AppDelegate.swift in Sources */ = {isa = PBXBuildFile; fileRef = 30EB7D631F7CD7950003113E /* AppDelegate.swift */; };
		30EB7D691F7CD7950003113E /* Main.storyboard in Resources */ = {isa = PBXBuildFile; fileRef = 30EB7D671F7CD7950003113E /* Main.storyboard */; };
		30EB7D6B1F7CD7950003113E /* Assets.xcassets in Resources */ = {isa = PBXBuildFile; fileRef = 30EB7D6A1F7CD7950003113E /* Assets.xcassets */; };
		30EB7D6E1F7CD7950003113E /* LaunchScreen.storyboard in Resources */ = {isa = PBXBuildFile; fileRef = 30EB7D6C1F7CD7950003113E /* LaunchScreen.storyboard */; };
		30EB7D761F7CD9BE0003113E /* CategoryTableViewController.swift in Sources */ = {isa = PBXBuildFile; fileRef = 30EB7D751F7CD9BE0003113E /* CategoryTableViewController.swift */; };
		30EB7D781F7CD9DC0003113E /* MenuTableViewController.swift in Sources */ = {isa = PBXBuildFile; fileRef = 30EB7D771F7CD9DC0003113E /* MenuTableViewController.swift */; };
		30EB7D7A1F7CD9EE0003113E /* OrderTableViewController.swift in Sources */ = {isa = PBXBuildFile; fileRef = 30EB7D791F7CD9EE0003113E /* OrderTableViewController.swift */; };
		30EB7D7C1F7CDB530003113E /* MenuItemDetailViewController.swift in Sources */ = {isa = PBXBuildFile; fileRef = 30EB7D7B1F7CDB530003113E /* MenuItemDetailViewController.swift */; };
		30EB7D7E1F7CDBA90003113E /* MenuItem.swift in Sources */ = {isa = PBXBuildFile; fileRef = 30EB7D7D1F7CDBA90003113E /* MenuItem.swift */; };
		30EB7D801F7CDCD20003113E /* IntermediaryModels.swift in Sources */ = {isa = PBXBuildFile; fileRef = 30EB7D7F1F7CDCD20003113E /* IntermediaryModels.swift */; };
		30EB7D821F7CDDC40003113E /* Helpers.swift in Sources */ = {isa = PBXBuildFile; fileRef = 30EB7D811F7CDDC40003113E /* Helpers.swift */; };
		30EB7D841F7DCA560003113E /* OrderConfirmationViewController.swift in Sources */ = {isa = PBXBuildFile; fileRef = 30EB7D831F7DCA560003113E /* OrderConfirmationViewController.swift */; };
		30EB7D861F7E03180003113E /* MenuItemTableViewCell.swift in Sources */ = {isa = PBXBuildFile; fileRef = 30EB7D851F7E03180003113E /* MenuItemTableViewCell.swift */; };
/* End PBXBuildFile section */

/* Begin PBXFileReference section */
		305B8B9122288A3700FA0BBE /* MenuController.swift */ = {isa = PBXFileReference; lastKnownFileType = sourcecode.swift; path = MenuController.swift; sourceTree = "<group>"; };
		30EB7D601F7CD7950003113E /* Restaurant.app */ = {isa = PBXFileReference; explicitFileType = wrapper.application; includeInIndex = 0; path = Restaurant.app; sourceTree = BUILT_PRODUCTS_DIR; };
		30EB7D631F7CD7950003113E /* AppDelegate.swift */ = {isa = PBXFileReference; lastKnownFileType = sourcecode.swift; path = AppDelegate.swift; sourceTree = "<group>"; };
		30EB7D681F7CD7950003113E /* Base */ = {isa = PBXFileReference; lastKnownFileType = file.storyboard; name = Base; path = Base.lproj/Main.storyboard; sourceTree = "<group>"; };
		30EB7D6A1F7CD7950003113E /* Assets.xcassets */ = {isa = PBXFileReference; lastKnownFileType = folder.assetcatalog; path = Assets.xcassets; sourceTree = "<group>"; };
		30EB7D6D1F7CD7950003113E /* Base */ = {isa = PBXFileReference; lastKnownFileType = file.storyboard; name = Base; path = Base.lproj/LaunchScreen.storyboard; sourceTree = "<group>"; };
		30EB7D6F1F7CD7950003113E /* Info.plist */ = {isa = PBXFileReference; lastKnownFileType = text.plist.xml; path = Info.plist; sourceTree = "<group>"; };
		30EB7D751F7CD9BE0003113E /* CategoryTableViewController.swift */ = {isa = PBXFileReference; lastKnownFileType = sourcecode.swift; path = CategoryTableViewController.swift; sourceTree = "<group>"; };
		30EB7D771F7CD9DC0003113E /* MenuTableViewController.swift */ = {isa = PBXFileReference; lastKnownFileType = sourcecode.swift; path = MenuTableViewController.swift; sourceTree = "<group>"; };
		30EB7D791F7CD9EE0003113E /* OrderTableViewController.swift */ = {isa = PBXFileReference; lastKnownFileType = sourcecode.swift; path = OrderTableViewController.swift; sourceTree = "<group>"; };
		30EB7D7B1F7CDB530003113E /* MenuItemDetailViewController.swift */ = {isa = PBXFileReference; lastKnownFileType = sourcecode.swift; path = MenuItemDetailViewController.swift; sourceTree = "<group>"; };
		30EB7D7D1F7CDBA90003113E /* MenuItem.swift */ = {isa = PBXFileReference; lastKnownFileType = sourcecode.swift; path = MenuItem.swift; sourceTree = "<group>"; };
		30EB7D7F1F7CDCD20003113E /* IntermediaryModels.swift */ = {isa = PBXFileReference; lastKnownFileType = sourcecode.swift; path = IntermediaryModels.swift; sourceTree = "<group>"; };
		30EB7D811F7CDDC40003113E /* Helpers.swift */ = {isa = PBXFileReference; lastKnownFileType = sourcecode.swift; path = Helpers.swift; sourceTree = "<group>"; };
		30EB7D831F7DCA560003113E /* OrderConfirmationViewController.swift */ = {isa = PBXFileReference; lastKnownFileType = sourcecode.swift; path = OrderConfirmationViewController.swift; sourceTree = "<group>"; };
		30EB7D851F7E03180003113E /* MenuItemTableViewCell.swift */ = {isa = PBXFileReference; lastKnownFileType = sourcecode.swift; path = MenuItemTableViewCell.swift; sourceTree = "<group>"; };
/* End PBXFileReference section */

/* Begin PBXFrameworksBuildPhase section */
		30EB7D5D1F7CD7950003113E /* Frameworks */ = {
			isa = PBXFrameworksBuildPhase;
			buildActionMask = 2147483647;
			files = (
			);
			runOnlyForDeploymentPostprocessing = 0;
		};
/* End PBXFrameworksBuildPhase section */

/* Begin PBXGroup section */
		30EB7D571F7CD7950003113E = {
			isa = PBXGroup;
			children = (
				30EB7D621F7CD7950003113E /* Restaurant */,
				30EB7D611F7CD7950003113E /* Products */,
			);
			sourceTree = "<group>";
		};
		30EB7D611F7CD7950003113E /* Products */ = {
			isa = PBXGroup;
			children = (
				30EB7D601F7CD7950003113E /* Restaurant.app */,
			);
			name = Products;
			sourceTree = "<group>";
		};
		30EB7D621F7CD7950003113E /* Restaurant */ = {
			isa = PBXGroup;
			children = (
				30EB7D6F1F7CD7950003113E /* Info.plist */,
				30EB7D631F7CD7950003113E /* AppDelegate.swift */,
				30EB7D751F7CD9BE0003113E /* CategoryTableViewController.swift */,
				30EB7D811F7CDDC40003113E /* Helpers.swift */,
				30EB7D7D1F7CDBA90003113E /* MenuItem.swift */,
				30EB7D7F1F7CDCD20003113E /* IntermediaryModels.swift */,
				305B8B9122288A3700FA0BBE /* MenuController.swift */,
				30EB7D7B1F7CDB530003113E /* MenuItemDetailViewController.swift */,
				30EB7D851F7E03180003113E /* MenuItemTableViewCell.swift */,
				30EB7D771F7CD9DC0003113E /* MenuTableViewController.swift */,
				30EB7D831F7DCA560003113E /* OrderConfirmationViewController.swift */,
				30EB7D791F7CD9EE0003113E /* OrderTableViewController.swift */,
				30EB7D6A1F7CD7950003113E /* Assets.xcassets */,
				30EB7D6C1F7CD7950003113E /* LaunchScreen.storyboard */,
				30EB7D671F7CD7950003113E /* Main.storyboard */,
			);
			path = Restaurant;
			sourceTree = "<group>";
		};
/* End PBXGroup section */

/* Begin PBXNativeTarget section */
		30EB7D5F1F7CD7950003113E /* Restaurant */ = {
			isa = PBXNativeTarget;
			buildConfigurationList = 30EB7D721F7CD7950003113E /* Build configuration list for PBXNativeTarget "Restaurant" */;
			buildPhases = (
				30EB7D5C1F7CD7950003113E /* Sources */,
				30EB7D5D1F7CD7950003113E /* Frameworks */,
				30EB7D5E1F7CD7950003113E /* Resources */,
			);
			buildRules = (
			);
			dependencies = (
			);
			name = Restaurant;
			productName = Restaurant;
			productReference = 30EB7D601F7CD7950003113E /* Restaurant.app */;
			productType = "com.apple.product-type.application";
		};
/* End PBXNativeTarget section */

/* Begin PBXProject section */
		30EB7D581F7CD7950003113E /* Project object */ = {
			isa = PBXProject;
			attributes = {
				LastSwiftUpdateCheck = 0900;
				LastUpgradeCheck = 1010;
				ORGANIZATIONNAME = "Roman Martinez";
				TargetAttributes = {
					30EB7D5F1F7CD7950003113E = {
						CreatedOnToolsVersion = 9.0;
						LastSwiftMigration = 1010;
						ProvisioningStyle = Automatic;
					};
				};
			};
			buildConfigurationList = 30EB7D5B1F7CD7950003113E /* Build configuration list for PBXProject "Restaurant" */;
			compatibilityVersion = "Xcode 8.0";
			developmentRegion = en;
			hasScannedForEncodings = 0;
			knownRegions = (
				en,
				Base,
			);
			mainGroup = 30EB7D571F7CD7950003113E;
			productRefGroup = 30EB7D611F7CD7950003113E /* Products */;
			projectDirPath = "";
			projectRoot = "";
			targets = (
				30EB7D5F1F7CD7950003113E /* Restaurant */,
			);
		};
/* End PBXProject section */

/* Begin PBXResourcesBuildPhase section */
		30EB7D5E1F7CD7950003113E /* Resources */ = {
			isa = PBXResourcesBuildPhase;
			buildActionMask = 2147483647;
			files = (
				30EB7D6E1F7CD7950003113E /* LaunchScreen.storyboard in Resources */,
				30EB7D6B1F7CD7950003113E /* Assets.xcassets in Resources */,
				30EB7D691F7CD7950003113E /* Main.storyboard in Resources */,
			);
			runOnlyForDeploymentPostprocessing = 0;
		};
/* End PBXResourcesBuildPhase section */

/* Begin PBXSourcesBuildPhase section */
		30EB7D5C1F7CD7950003113E /* Sources */ = {
			isa = PBXSourcesBuildPhase;
			buildActionMask = 2147483647;
			files = (
				30EB7D821F7CDDC40003113E /* Helpers.swift in Sources */,
				30EB7D7C1F7CDB530003113E /* MenuItemDetailViewController.swift in Sources */,
				30EB7D7A1F7CD9EE0003113E /* OrderTableViewController.swift in Sources */,
				30EB7D861F7E03180003113E /* MenuItemTableViewCell.swift in Sources */,
				30EB7D641F7CD7950003113E /* AppDelegate.swift in Sources */,
				305B8B9222288A3700FA0BBE /* MenuController.swift in Sources */,
				30EB7D7E1F7CDBA90003113E /* MenuItem.swift in Sources */,
				30EB7D841F7DCA560003113E /* OrderConfirmationViewController.swift in Sources */,
				30EB7D761F7CD9BE0003113E /* CategoryTableViewController.swift in Sources */,
				30EB7D781F7CD9DC0003113E /* MenuTableViewController.swift in Sources */,
				30EB7D801F7CDCD20003113E /* IntermediaryModels.swift in Sources */,
			);
			runOnlyForDeploymentPostprocessing = 0;
		};
/* End PBXSourcesBuildPhase section */

/* Begin PBXVariantGroup section */
		30EB7D671F7CD7950003113E /* Main.storyboard */ = {
			isa = PBXVariantGroup;
			children = (
				30EB7D681F7CD7950003113E /* Base */,
			);
			name = Main.storyboard;
			sourceTree = "<group>";
		};
		30EB7D6C1F7CD7950003113E /* LaunchScreen.storyboard */ = {
			isa = PBXVariantGroup;
			children = (
				30EB7D6D1F7CD7950003113E /* Base */,
			);
			name = LaunchScreen.storyboard;
			sourceTree = "<group>";
		};
/* End PBXVariantGroup section */

/* Begin XCBuildConfiguration section */
		30EB7D701F7CD7950003113E /* Debug */ = {
			isa = XCBuildConfiguration;
			buildSettings = {
				ALWAYS_SEARCH_USER_PATHS = NO;
				CLANG_ANALYZER_NONNULL = YES;
				CLANG_ANALYZER_NUMBER_OBJECT_CONVERSION = YES_AGGRESSIVE;
				CLANG_CXX_LANGUAGE_STANDARD = "gnu++14";
				CLANG_CXX_LIBRARY = "libc++";
				CLANG_ENABLE_MODULES = YES;
				CLANG_ENABLE_OBJC_ARC = YES;
				CLANG_WARN_BLOCK_CAPTURE_AUTORELEASING = YES;
				CLANG_WARN_BOOL_CONVERSION = YES;
				CLANG_WARN_COMMA = YES;
				CLANG_WARN_CONSTANT_CONVERSION = YES;
				CLANG_WARN_DEPRECATED_OBJC_IMPLEMENTATIONS = YES;
				CLANG_WARN_DIRECT_OBJC_ISA_USAGE = YES_ERROR;
				CLANG_WARN_DOCUMENTATION_COMMENTS = YES;
				CLANG_WARN_EMPTY_BODY = YES;
				CLANG_WARN_ENUM_CONVERSION = YES;
				CLANG_WARN_INFINITE_RECURSION = YES;
				CLANG_WARN_INT_CONVERSION = YES;
				CLANG_WARN_NON_LITERAL_NULL_CONVERSION = YES;
				CLANG_WARN_OBJC_IMPLICIT_RETAIN_SELF = YES;
				CLANG_WARN_OBJC_LITERAL_CONVERSION = YES;
				CLANG_WARN_OBJC_ROOT_CLASS = YES_ERROR;
				CLANG_WARN_RANGE_LOOP_ANALYSIS = YES;
				CLANG_WARN_STRICT_PROTOTYPES = YES;
				CLANG_WARN_SUSPICIOUS_MOVE = YES;
				CLANG_WARN_UNGUARDED_AVAILABILITY = YES_AGGRESSIVE;
				CLANG_WARN_UNREACHABLE_CODE = YES;
				CLANG_WARN__DUPLICATE_METHOD_MATCH = YES;
				CODE_SIGN_IDENTITY = "iPhone Developer";
				COPY_PHASE_STRIP = NO;
				DEBUG_INFORMATION_FORMAT = dwarf;
				ENABLE_STRICT_OBJC_MSGSEND = YES;
				ENABLE_TESTABILITY = YES;
				GCC_C_LANGUAGE_STANDARD = gnu11;
				GCC_DYNAMIC_NO_PIC = NO;
				GCC_NO_COMMON_BLOCKS = YES;
				GCC_OPTIMIZATION_LEVEL = 0;
				GCC_PREPROCESSOR_DEFINITIONS = (
					"DEBUG=1",
					"$(inherited)",
				);
				GCC_WARN_64_TO_32_BIT_CONVERSION = YES;
				GCC_WARN_ABOUT_RETURN_TYPE = YES_ERROR;
				GCC_WARN_UNDECLARED_SELECTOR = YES;
				GCC_WARN_UNINITIALIZED_AUTOS = YES_AGGRESSIVE;
				GCC_WARN_UNUSED_FUNCTION = YES;
				GCC_WARN_UNUSED_VARIABLE = YES;
				IPHONEOS_DEPLOYMENT_TARGET = 11.0;
				MTL_ENABLE_DEBUG_INFO = YES;
				ONLY_ACTIVE_ARCH = YES;
				SDKROOT = iphoneos;
				SWIFT_ACTIVE_COMPILATION_CONDITIONS = DEBUG;
				SWIFT_OPTIMIZATION_LEVEL = "-Onone";
			};
			name = Debug;
		};
		30EB7D711F7CD7950003113E /* Release */ = {
			isa = XCBuildConfiguration;
			buildSettings = {
				ALWAYS_SEARCH_USER_PATHS = NO;
				CLANG_ANALYZER_NONNULL = YES;
				CLANG_ANALYZER_NUMBER_OBJECT_CONVERSION = YES_AGGRESSIVE;
				CLANG_CXX_LANGUAGE_STANDARD = "gnu++14";
				CLANG_CXX_LIBRARY = "libc++";
				CLANG_ENABLE_MODULES = YES;
				CLANG_ENABLE_OBJC_ARC = YES;
				CLANG_WARN_BLOCK_CAPTURE_AUTORELEASING = YES;
				CLANG_WARN_BOOL_CONVERSION = YES;
				CLANG_WARN_COMMA = YES;
				CLANG_WARN_CONSTANT_CONVERSION = YES;
				CLANG_WARN_DEPRECATED_OBJC_IMPLEMENTATIONS = YES;
				CLANG_WARN_DIRECT_OBJC_ISA_USAGE = YES_ERROR;
				CLANG_WARN_DOCUMENTATION_COMMENTS = YES;
				CLANG_WARN_EMPTY_BODY = YES;
				CLANG_WARN_ENUM_CONVERSION = YES;
				CLANG_WARN_INFINITE_RECURSION = YES;
				CLANG_WARN_INT_CONVERSION = YES;
				CLANG_WARN_NON_LITERAL_NULL_CONVERSION = YES;
				CLANG_WARN_OBJC_IMPLICIT_RETAIN_SELF = YES;
				CLANG_WARN_OBJC_LITERAL_CONVERSION = YES;
				CLANG_WARN_OBJC_ROOT_CLASS = YES_ERROR;
				CLANG_WARN_RANGE_LOOP_ANALYSIS = YES;
				CLANG_WARN_STRICT_PROTOTYPES = YES;
				CLANG_WARN_SUSPICIOUS_MOVE = YES;
				CLANG_WARN_UNGUARDED_AVAILABILITY = YES_AGGRESSIVE;
				CLANG_WARN_UNREACHABLE_CODE = YES;
				CLANG_WARN__DUPLICATE_METHOD_MATCH = YES;
				CODE_SIGN_IDENTITY = "iPhone Developer";
				COPY_PHASE_STRIP = NO;
				DEBUG_INFORMATION_FORMAT = "dwarf-with-dsym";
				ENABLE_NS_ASSERTIONS = NO;
				ENABLE_STRICT_OBJC_MSGSEND = YES;
				GCC_C_LANGUAGE_STANDARD = gnu11;
				GCC_NO_COMMON_BLOCKS = YES;
				GCC_WARN_64_TO_32_BIT_CONVERSION = YES;
				GCC_WARN_ABOUT_RETURN_TYPE = YES_ERROR;
				GCC_WARN_UNDECLARED_SELECTOR = YES;
				GCC_WARN_UNINITIALIZED_AUTOS = YES_AGGRESSIVE;
				GCC_WARN_UNUSED_FUNCTION = YES;
				GCC_WARN_UNUSED_VARIABLE = YES;
				IPHONEOS_DEPLOYMENT_TARGET = 11.0;
				MTL_ENABLE_DEBUG_INFO = NO;
				SDKROOT = iphoneos;
				SWIFT_OPTIMIZATION_LEVEL = "-Owholemodule";
				VALIDATE_PRODUCT = YES;
			};
			name = Release;
		};
		30EB7D731F7CD7950003113E /* Debug */ = {
			isa = XCBuildConfiguration;
			buildSettings = {
				ASSETCATALOG_COMPILER_APPICON_NAME = AppIcon;
				CODE_SIGN_STYLE = Automatic;
				DEVELOPMENT_TEAM = D8G9332Y2E;
				INFOPLIST_FILE = Restaurant/Info.plist;
				LD_RUNPATH_SEARCH_PATHS = "$(inherited) @executable_path/Frameworks";
				PRODUCT_BUNDLE_IDENTIFIER = com.romanmz.Restaurant;
				PRODUCT_NAME = "$(TARGET_NAME)";
				SWIFT_VERSION = 4.2;
				TARGETED_DEVICE_FAMILY = "1,2";
			};
			name = Debug;
		};
		30EB7D741F7CD7950003113E /* Release */ = {
			isa = XCBuildConfiguration;
			buildSettings = {
				ASSETCATALOG_COMPILER_APPICON_NAME = AppIcon;
				CODE_SIGN_STYLE = Automatic;
				DEVELOPMENT_TEAM = D8G9332Y2E;
				INFOPLIST_FILE = Restaurant/Info.plist;
				LD_RUNPATH_SEARCH_PATHS = "$(inherited) @executable_path/Frameworks";
				PRODUCT_BUNDLE_IDENTIFIER = com.romanmz.Restaurant;
				PRODUCT_NAME = "$(TARGET_NAME)";
				SWIFT_VERSION = 4.2;
				TARGETED_DEVICE_FAMILY = "1,2";
			};
			name = Release;
		};
/* End XCBuildConfiguration section */

/* Begin XCConfigurationList section */
		30EB7D5B1F7CD7950003113E /* Build configuration list for PBXProject "Restaurant" */ = {
			isa = XCConfigurationList;
			buildConfigurations = (
				30EB7D701F7CD7950003113E /* Debug */,
				30EB7D711F7CD7950003113E /* Release */,
			);
			defaultConfigurationIsVisible = 0;
			defaultConfigurationName = Release;
		};
		30EB7D721F7CD7950003113E /* Build configuration list for PBXNativeTarget "Restaurant" */ = {
			isa = XCConfigurationList;
			buildConfigurations = (
				30EB7D731F7CD7950003113E /* Debug */,
				30EB7D741F7CD7950003113E /* Release */,
			);
			defaultConfigurationIsVisible = 0;
			defaultConfigurationName = Release;
		};
/* End XCConfigurationList section */
	};
	rootObject = 30EB7D581F7CD7950003113E /* Project object */;
}
