// !$*UTF8*$!
{
	archiveVersion = 1;
	classes = {
	};
	objectVersion = 46;
	objects = {

/* Begin PBXBuildFile section */
		30F9A7D31F73397400CE619E /* AppDelegate.swift in Sources */ = {isa = PBXBuildFile; fileRef = 30F9A7D21F73397400CE619E /* AppDelegate.swift */; };
		30F9A7D51F73397400CE619E /* RedViewController.swift in Sources */ = {isa = PBXBuildFile; fileRef = 30F9A7D41F73397400CE619E /* RedViewController.swift */; };
		30F9A7D81F73397400CE619E /* Main.storyboard in Resources */ = {isa = PBXBuildFile; fileRef = 30F9A7D61F73397400CE619E /* Main.storyboard */; };
		30F9A7DA1F73397400CE619E /* Assets.xcassets in Resources */ = {isa = PBXBuildFile; fileRef = 30F9A7D91F73397400CE619E /* Assets.xcassets */; };
		30F9A7DD1F73397400CE619E /* LaunchScreen.storyboard in Resources */ = {isa = PBXBuildFile; fileRef = 30F9A7DB1F73397400CE619E /* LaunchScreen.storyboard */; };
		30F9A7E51F7341F300CE619E /* OrangeViewController.swift in Sources */ = {isa = PBXBuildFile; fileRef = 30F9A7E41F7341F300CE619E /* OrangeViewController.swift */; };
		30F9A7E71F73423800CE619E /* YellowViewController.swift in Sources */ = {isa = PBXBuildFile; fileRef = 30F9A7E61F73423800CE619E /* YellowViewController.swift */; };
		30F9A7E91F73424500CE619E /* GreenViewController.swift in Sources */ = {isa = PBXBuildFile; fileRef = 30F9A7E81F73424500CE619E /* GreenViewController.swift */; };
		30F9A7EB1F73424F00CE619E /* BlueViewController.swift in Sources */ = {isa = PBXBuildFile; fileRef = 30F9A7EA1F73424F00CE619E /* BlueViewController.swift */; };
		30F9A7ED1F73425800CE619E /* PurpleViewController.swift in Sources */ = {isa = PBXBuildFile; fileRef = 30F9A7EC1F73425800CE619E /* PurpleViewController.swift */; };
		30F9A7EF1F7343E100CE619E /* RainbowTabBarController.swift in Sources */ = {isa = PBXBuildFile; fileRef = 30F9A7EE1F7343E100CE619E /* RainbowTabBarController.swift */; };
/* End PBXBuildFile section */

/* Begin PBXFileReference section */
		30F9A7CF1F73397400CE619E /* RainbowTabs.app */ = {isa = PBXFileReference; explicitFileType = wrapper.application; includeInIndex = 0; path = RainbowTabs.app; sourceTree = BUILT_PRODUCTS_DIR; };
		30F9A7D21F73397400CE619E /* AppDelegate.swift */ = {isa = PBXFileReference; lastKnownFileType = sourcecode.swift; path = AppDelegate.swift; sourceTree = "<group>"; };
		30F9A7D41F73397400CE619E /* RedViewController.swift */ = {isa = PBXFileReference; lastKnownFileType = sourcecode.swift; path = RedViewController.swift; sourceTree = "<group>"; };
		30F9A7D71F73397400CE619E /* Base */ = {isa = PBXFileReference; lastKnownFileType = file.storyboard; name = Base; path = Base.lproj/Main.storyboard; sourceTree = "<group>"; };
		30F9A7D91F73397400CE619E /* Assets.xcassets */ = {isa = PBXFileReference; lastKnownFileType = folder.assetcatalog; path = Assets.xcassets; sourceTree = "<group>"; };
		30F9A7DC1F73397400CE619E /* Base */ = {isa = PBXFileReference; lastKnownFileType = file.storyboard; name = Base; path = Base.lproj/LaunchScreen.storyboard; sourceTree = "<group>"; };
		30F9A7DE1F73397400CE619E /* Info.plist */ = {isa = PBXFileReference; lastKnownFileType = text.plist.xml; path = Info.plist; sourceTree = "<group>"; };
		30F9A7E41F7341F300CE619E /* OrangeViewController.swift */ = {isa = PBXFileReference; fileEncoding = 4; lastKnownFileType = sourcecode.swift; path = OrangeViewController.swift; sourceTree = "<group>"; };
		30F9A7E61F73423800CE619E /* YellowViewController.swift */ = {isa = PBXFileReference; fileEncoding = 4; lastKnownFileType = sourcecode.swift; path = YellowViewController.swift; sourceTree = "<group>"; };
		30F9A7E81F73424500CE619E /* GreenViewController.swift */ = {isa = PBXFileReference; fileEncoding = 4; lastKnownFileType = sourcecode.swift; path = GreenViewController.swift; sourceTree = "<group>"; };
		30F9A7EA1F73424F00CE619E /* BlueViewController.swift */ = {isa = PBXFileReference; fileEncoding = 4; lastKnownFileType = sourcecode.swift; path = BlueViewController.swift; sourceTree = "<group>"; };
		30F9A7EC1F73425800CE619E /* PurpleViewController.swift */ = {isa = PBXFileReference; fileEncoding = 4; lastKnownFileType = sourcecode.swift; path = PurpleViewController.swift; sourceTree = "<group>"; };
		30F9A7EE1F7343E100CE619E /* RainbowTabBarController.swift */ = {isa = PBXFileReference; fileEncoding = 4; lastKnownFileType = sourcecode.swift; path = RainbowTabBarController.swift; sourceTree = "<group>"; };
/* End PBXFileReference section */

/* Begin PBXFrameworksBuildPhase section */
		30F9A7CC1F73397400CE619E /* Frameworks */ = {
			isa = PBXFrameworksBuildPhase;
			buildActionMask = 2147483647;
			files = (
			);
			runOnlyForDeploymentPostprocessing = 0;
		};
/* End PBXFrameworksBuildPhase section */

/* Begin PBXGroup section */
		30F9A7C61F73397400CE619E = {
			isa = PBXGroup;
			children = (
				30F9A7D11F73397400CE619E /* RainbowTabs */,
				30F9A7D01F73397400CE619E /* Products */,
			);
			sourceTree = "<group>";
		};
		30F9A7D01F73397400CE619E /* Products */ = {
			isa = PBXGroup;
			children = (
				30F9A7CF1F73397400CE619E /* RainbowTabs.app */,
			);
			name = Products;
			sourceTree = "<group>";
		};
		30F9A7D11F73397400CE619E /* RainbowTabs */ = {
			isa = PBXGroup;
			children = (
				30F9A7D21F73397400CE619E /* AppDelegate.swift */,
				30F9A7D41F73397400CE619E /* RedViewController.swift */,
				30F9A7E41F7341F300CE619E /* OrangeViewController.swift */,
				30F9A7E61F73423800CE619E /* YellowViewController.swift */,
				30F9A7E81F73424500CE619E /* GreenViewController.swift */,
				30F9A7EA1F73424F00CE619E /* BlueViewController.swift */,
				30F9A7EC1F73425800CE619E /* PurpleViewController.swift */,
				30F9A7D61F73397400CE619E /* Main.storyboard */,
				30F9A7EE1F7343E100CE619E /* RainbowTabBarController.swift */,
				30F9A7D91F73397400CE619E /* Assets.xcassets */,
				30F9A7DB1F73397400CE619E /* LaunchScreen.storyboard */,
				30F9A7DE1F73397400CE619E /* Info.plist */,
			);
			path = RainbowTabs;
			sourceTree = "<group>";
		};
/* End PBXGroup section */

/* Begin PBXNativeTarget section */
		30F9A7CE1F73397400CE619E /* RainbowTabs */ = {
			isa = PBXNativeTarget;
			buildConfigurationList = 30F9A7E11F73397400CE619E /* Build configuration list for PBXNativeTarget "RainbowTabs" */;
			buildPhases = (
				30F9A7CB1F73397400CE619E /* Sources */,
				30F9A7CC1F73397400CE619E /* Frameworks */,
				30F9A7CD1F73397400CE619E /* Resources */,
			);
			buildRules = (
			);
			dependencies = (
			);
			name = RainbowTabs;
			productName = RainbowTabs;
			productReference = 30F9A7CF1F73397400CE619E /* RainbowTabs.app */;
			productType = "com.apple.product-type.application";
		};
/* End PBXNativeTarget section */

/* Begin PBXProject section */
		30F9A7C71F73397400CE619E /* Project object */ = {
			isa = PBXProject;
			attributes = {
				LastSwiftUpdateCheck = 0820;
				LastUpgradeCheck = 0820;
				ORGANIZATIONNAME = "Roman Martinez";
				TargetAttributes = {
					30F9A7CE1F73397400CE619E = {
						CreatedOnToolsVersion = 8.2.1;
						ProvisioningStyle = Automatic;
					};
				};
			};
			buildConfigurationList = 30F9A7CA1F73397400CE619E /* Build configuration list for PBXProject "RainbowTabs" */;
			compatibilityVersion = "Xcode 3.2";
			developmentRegion = English;
			hasScannedForEncodings = 0;
			knownRegions = (
				en,
				Base,
			);
			mainGroup = 30F9A7C61F73397400CE619E;
			productRefGroup = 30F9A7D01F73397400CE619E /* Products */;
			projectDirPath = "";
			projectRoot = "";
			targets = (
				30F9A7CE1F73397400CE619E /* RainbowTabs */,
			);
		};
/* End PBXProject section */

/* Begin PBXResourcesBuildPhase section */
		30F9A7CD1F73397400CE619E /* Resources */ = {
			isa = PBXResourcesBuildPhase;
			buildActionMask = 2147483647;
			files = (
				30F9A7DD1F73397400CE619E /* LaunchScreen.storyboard in Resources */,
				30F9A7DA1F73397400CE619E /* Assets.xcassets in Resources */,
				30F9A7D81F73397400CE619E /* Main.storyboard in Resources */,
			);
			runOnlyForDeploymentPostprocessing = 0;
		};
/* End PBXResourcesBuildPhase section */

/* Begin PBXSourcesBuildPhase section */
		30F9A7CB1F73397400CE619E /* Sources */ = {
			isa = PBXSourcesBuildPhase;
			buildActionMask = 2147483647;
			files = (
				30F9A7E71F73423800CE619E /* YellowViewController.swift in Sources */,
				30F9A7D51F73397400CE619E /* RedViewController.swift in Sources */,
				30F9A7EF1F7343E100CE619E /* RainbowTabBarController.swift in Sources */,
				30F9A7ED1F73425800CE619E /* PurpleViewController.swift in Sources */,
				30F9A7D31F73397400CE619E /* AppDelegate.swift in Sources */,
				30F9A7E51F7341F300CE619E /* OrangeViewController.swift in Sources */,
				30F9A7EB1F73424F00CE619E /* BlueViewController.swift in Sources */,
				30F9A7E91F73424500CE619E /* GreenViewController.swift in Sources */,
			);
			runOnlyForDeploymentPostprocessing = 0;
		};
/* End PBXSourcesBuildPhase section */

/* Begin PBXVariantGroup section */
		30F9A7D61F73397400CE619E /* Main.storyboard */ = {
			isa = PBXVariantGroup;
			children = (
				30F9A7D71F73397400CE619E /* Base */,
			);
			name = Main.storyboard;
			sourceTree = "<group>";
		};
		30F9A7DB1F73397400CE619E /* LaunchScreen.storyboard */ = {
			isa = PBXVariantGroup;
			children = (
				30F9A7DC1F73397400CE619E /* Base */,
			);
			name = LaunchScreen.storyboard;
			sourceTree = "<group>";
		};
/* End PBXVariantGroup section */

/* Begin XCBuildConfiguration section */
		30F9A7DF1F73397400CE619E /* Debug */ = {
			isa = XCBuildConfiguration;
			buildSettings = {
				ALWAYS_SEARCH_USER_PATHS = NO;
				CLANG_ANALYZER_NONNULL = YES;
				CLANG_CXX_LANGUAGE_STANDARD = "gnu++0x";
				CLANG_CXX_LIBRARY = "libc++";
				CLANG_ENABLE_MODULES = YES;
				CLANG_ENABLE_OBJC_ARC = YES;
				CLANG_WARN_BOOL_CONVERSION = YES;
				CLANG_WARN_CONSTANT_CONVERSION = YES;
				CLANG_WARN_DIRECT_OBJC_ISA_USAGE = YES_ERROR;
				CLANG_WARN_DOCUMENTATION_COMMENTS = YES;
				CLANG_WARN_EMPTY_BODY = YES;
				CLANG_WARN_ENUM_CONVERSION = YES;
				CLANG_WARN_INFINITE_RECURSION = YES;
				CLANG_WARN_INT_CONVERSION = YES;
				CLANG_WARN_OBJC_ROOT_CLASS = YES_ERROR;
				CLANG_WARN_SUSPICIOUS_MOVE = YES;
				CLANG_WARN_UNREACHABLE_CODE = YES;
				CLANG_WARN__DUPLICATE_METHOD_MATCH = YES;
				"CODE_SIGN_IDENTITY[sdk=iphoneos*]" = "iPhone Developer";
				COPY_PHASE_STRIP = NO;
				DEBUG_INFORMATION_FORMAT = dwarf;
				ENABLE_STRICT_OBJC_MSGSEND = YES;
				ENABLE_TESTABILITY = YES;
				GCC_C_LANGUAGE_STANDARD = gnu99;
				GCC_DYNAMIC_NO_PIC = NO;
				GCC_NO_COMMON_BLOCKS = YES;
				GCC_OPTIMIZATION_LEVEL = 0;
				GCC_PREPROCESSOR_DEFINITIONS = (
					"DEBUG=1",
					"$(inherited)",
				);
				GCC_WARN_64_TO_32_BIT_CONVERSION = YES;
				GCC_WARN_ABOUT_RETURN_TYPE = YES_ERROR;
				GCC_WARN_UNDECLARED_SELECTOR = YES;
				GCC_WARN_UNINITIALIZED_AUTOS = YES_AGGRESSIVE;
				GCC_WARN_UNUSED_FUNCTION = YES;
				GCC_WARN_UNUSED_VARIABLE = YES;
				IPHONEOS_DEPLOYMENT_TARGET = 10.2;
				MTL_ENABLE_DEBUG_INFO = YES;
				ONLY_ACTIVE_ARCH = YES;
				SDKROOT = iphoneos;
				SWIFT_ACTIVE_COMPILATION_CONDITIONS = DEBUG;
				SWIFT_OPTIMIZATION_LEVEL = "-Onone";
				TARGETED_DEVICE_FAMILY = "1,2";
			};
			name = Debug;
		};
		30F9A7E01F73397400CE619E /* Release */ = {
			isa = XCBuildConfiguration;
			buildSettings = {
				ALWAYS_SEARCH_USER_PATHS = NO;
				CLANG_ANALYZER_NONNULL = YES;
				CLANG_CXX_LANGUAGE_STANDARD = "gnu++0x";
				CLANG_CXX_LIBRARY = "libc++";
				CLANG_ENABLE_MODULES = YES;
				CLANG_ENABLE_OBJC_ARC = YES;
				CLANG_WARN_BOOL_CONVERSION = YES;
				CLANG_WARN_CONSTANT_CONVERSION = YES;
				CLANG_WARN_DIRECT_OBJC_ISA_USAGE = YES_ERROR;
				CLANG_WARN_DOCUMENTATION_COMMENTS = YES;
				CLANG_WARN_EMPTY_BODY = YES;
				CLANG_WARN_ENUM_CONVERSION = YES;
				CLANG_WARN_INFINITE_RECURSION = YES;
				CLANG_WARN_INT_CONVERSION = YES;
				CLANG_WARN_OBJC_ROOT_CLASS = YES_ERROR;
				CLANG_WARN_SUSPICIOUS_MOVE = YES;
				CLANG_WARN_UNREACHABLE_CODE = YES;
				CLANG_WARN__DUPLICATE_METHOD_MATCH = YES;
				"CODE_SIGN_IDENTITY[sdk=iphoneos*]" = "iPhone Developer";
				COPY_PHASE_STRIP = NO;
				DEBUG_INFORMATION_FORMAT = "dwarf-with-dsym";
				ENABLE_NS_ASSERTIONS = NO;
				ENABLE_STRICT_OBJC_MSGSEND = YES;
				GCC_C_LANGUAGE_STANDARD = gnu99;
				GCC_NO_COMMON_BLOCKS = YES;
				GCC_WARN_64_TO_32_BIT_CONVERSION = YES;
				GCC_WARN_ABOUT_RETURN_TYPE = YES_ERROR;
				GCC_WARN_UNDECLARED_SELECTOR = YES;
				GCC_WARN_UNINITIALIZED_AUTOS = YES_AGGRESSIVE;
				GCC_WARN_UNUSED_FUNCTION = YES;
				GCC_WARN_UNUSED_VARIABLE = YES;
				IPHONEOS_DEPLOYMENT_TARGET = 10.2;
				MTL_ENABLE_DEBUG_INFO = NO;
				SDKROOT = iphoneos;
				SWIFT_OPTIMIZATION_LEVEL = "-Owholemodule";
				TARGETED_DEVICE_FAMILY = "1,2";
				VALIDATE_PRODUCT = YES;
			};
			name = Release;
		};
		30F9A7E21F73397400CE619E /* Debug */ = {
			isa = XCBuildConfiguration;
			buildSettings = {
				ASSETCATALOG_COMPILER_APPICON_NAME = AppIcon;
				INFOPLIST_FILE = RainbowTabs/Info.plist;
				LD_RUNPATH_SEARCH_PATHS = "$(inherited) @executable_path/Frameworks";
				PRODUCT_BUNDLE_IDENTIFIER = com.example.RainbowTabs;
				PRODUCT_NAME = "$(TARGET_NAME)";
				SWIFT_VERSION = 3.0;
			};
			name = Debug;
		};
		30F9A7E31F73397400CE619E /* Release */ = {
			isa = XCBuildConfiguration;
			buildSettings = {
				ASSETCATALOG_COMPILER_APPICON_NAME = AppIcon;
				INFOPLIST_FILE = RainbowTabs/Info.plist;
				LD_RUNPATH_SEARCH_PATHS = "$(inherited) @executable_path/Frameworks";
				PRODUCT_BUNDLE_IDENTIFIER = com.example.RainbowTabs;
				PRODUCT_NAME = "$(TARGET_NAME)";
				SWIFT_VERSION = 3.0;
			};
			name = Release;
		};
/* End XCBuildConfiguration section */

/* Begin XCConfigurationList section */
		30F9A7CA1F73397400CE619E /* Build configuration list for PBXProject "RainbowTabs" */ = {
			isa = XCConfigurationList;
			buildConfigurations = (
				30F9A7DF1F73397400CE619E /* Debug */,
				30F9A7E01F73397400CE619E /* Release */,
			);
			defaultConfigurationIsVisible = 0;
			defaultConfigurationName = Release;
		};
		30F9A7E11F73397400CE619E /* Build configuration list for PBXNativeTarget "RainbowTabs" */ = {
			isa = XCConfigurationList;
			buildConfigurations = (
				30F9A7E21F73397400CE619E /* Debug */,
				30F9A7E31F73397400CE619E /* Release */,
			);
			defaultConfigurationIsVisible = 0;
		};
/* End XCConfigurationList section */
	};
	rootObject = 30F9A7C71F73397400CE619E /* Project object */;
}
